PATH
  remote: .
  specs:
    sas2yaml (0.1.0)
      csv
      logger

GEM
  remote: https://rubygems.org/
  specs:
    csv (3.3.5)
    docile (1.4.1)
    logger (1.7.0)
    minitest (5.27.0)
    rake (13.3.1)
    simplecov (0.22.0)
      docile (~> 1.1)
      simplecov-html (~> 0.11)
      simplecov_json_formatter (~> 0.1)
    simplecov-html (0.13.2)
    simplecov_json_formatter (0.1.4)

PLATFORMS
  ruby
  x86_64-linux

DEPENDENCIES
  bundler (>= 2.0)
  minitest (~> 5.0)
  rake (>= 13.0)
  sas2yaml!
  simplecov

BUNDLED WITH
   2.7.0
