PATH
  remote: .
  specs:
    sas2yaml (0.1.0)
      csv
      logger

GEM
  remote: https://rubygems.org/
  specs:
    csv (3.3.5)
    logger (1.7.0)
    minitest (5.27.0)
    rake (13.3.1)

PLATFORMS
  ruby
  x86_64-linux

DEPENDENCIES
  bundler (>= 2.0)
  minitest (~> 5.0)
  rake (>= 13.0)
  sas2yaml!

BUNDLED WITH
   2.7.0
